
Microsoft Visual Studio Solution File, Format Version 12.00
# Visual Studio Version 16
VisualStudioVersion = 16.0.31313.79
MinimumVisualStudioVersion = 10.0.40219.1
Project("{FAE04EC0-301F-11D3-BF4B-00C04F79EFBC}") = "MonthlyWage", "MonthlyWage.csproj", "{B8042CFB-D166-4681-9157-A4E021854A3A}"
EndProject
Global
	GlobalSection(SolutionConfigurationPlatforms) = preSolution
		Debug|Any CPU = Debug|Any CPU
		Release|Any CPU = Release|Any CPU
	EndGlobalSection
	GlobalSection(ProjectConfigurationPlatforms) = postSolution
		{B8042CFB-D166-4681-9157-A4E021854A3A}.Debug|Any CPU.ActiveCfg = Debug|Any CPU
		{B8042CFB-D166-4681-9157-A4E021854A3A}.Debug|Any CPU.Build.0 = Debug|Any CPU
		{B8042CFB-D166-4681-9157-A4E021854A3A}.Release|Any CPU.ActiveCfg = Release|Any CPU
		{B8042CFB-D166-4681-9157-A4E021854A3A}.Release|Any CPU.Build.0 = Release|Any CPU
	EndGlobalSection
	GlobalSection(SolutionProperties) = preSolution
		HideSolutionNode = FALSE
	EndGlobalSection
	GlobalSection(ExtensibilityGlobals) = postSolution
		SolutionGuid = {FAB61808-745B-47B9-9014-57228FB9E0D0}
	EndGlobalSection
EndGlobal
